
Microsoft Visual Studio Solution File, Format Version 12.00
# Visual Studio Version 17
VisualStudioVersion = 17.11.35303.130
MinimumVisualStudioVersion = 10.0.40219.1
Project("{FAE04EC0-301F-11D3-BF4B-00C04F79EFBC}") = "soru1", "soru1\soru1.csproj", "{D84A03F8-293B-48C2-A379-0420E93EA5AE}"
EndProject
Project("{FAE04EC0-301F-11D3-BF4B-00C04F79EFBC}") = "soru2", "soru2\soru2.csproj", "{42F82BB4-D830-4C8E-8EAF-577CAD22D1A3}"
EndProject
Project("{FAE04EC0-301F-11D3-BF4B-00C04F79EFBC}") = "soru3", "soru3\soru3.csproj", "{C8BA84FA-165F-4850-9D8B-25711F1E939A}"
EndProject
Project("{FAE04EC0-301F-11D3-BF4B-00C04F79EFBC}") = "soru4", "soru4\soru4.csproj", "{89BF0C5A-D1C8-48FD-B39E-8A592584088E}"
EndProject
Project("{FAE04EC0-301F-11D3-BF4B-00C04F79EFBC}") = "soru5", "soru5\soru5.csproj", "{EC2E1C50-3975-42BF-BD8F-83A43A34771D}"
EndProject
Project("{FAE04EC0-301F-11D3-BF4B-00C04F79EFBC}") = "soru6", "soru6\soru6.csproj", "{1FB3A332-330F-4B64-8ABD-D4D8C2ACAA3F}"
EndProject
Project("{FAE04EC0-301F-11D3-BF4B-00C04F79EFBC}") = "soru7", "soru7\soru7.csproj", "{3B92F23E-A484-4751-8F0E-1A20DADA3E02}"
EndProject
Project("{FAE04EC0-301F-11D3-BF4B-00C04F79EFBC}") = "soru8", "soru8\soru8.csproj", "{C37B009D-C65D-45CA-8F1B-9FE6EBCA69F6}"
EndProject
Project("{FAE04EC0-301F-11D3-BF4B-00C04F79EFBC}") = "soru9", "soru9\soru9.csproj", "{0F3BC92F-BF08-41DF-9035-EA4B2B5A7DD1}"
EndProject
Project("{FAE04EC0-301F-11D3-BF4B-00C04F79EFBC}") = "soru10", "soru10\soru10.csproj", "{5BE15BD7-7D09-4C54-AC93-8AD790693B87}"
EndProject
Project("{FAE04EC0-301F-11D3-BF4B-00C04F79EFBC}") = "soru11", "soru11\soru11.csproj", "{A2AC1A4C-DF54-4171-9599-9103019A3D09}"
EndProject
Project("{FAE04EC0-301F-11D3-BF4B-00C04F79EFBC}") = "soru12", "soru12\soru12.csproj", "{363F0F9A-D16B-4275-81FF-F90339DA8D98}"
EndProject
Project("{FAE04EC0-301F-11D3-BF4B-00C04F79EFBC}") = "soru13", "soru13\soru13.csproj", "{899C9E1A-3D36-4678-B57E-E24E79AC0C56}"
EndProject
Project("{FAE04EC0-301F-11D3-BF4B-00C04F79EFBC}") = "soru14", "soru14\soru14.csproj", "{EA5A4BC7-6741-4E5A-98A0-B2AA487407AB}"
EndProject
Project("{FAE04EC0-301F-11D3-BF4B-00C04F79EFBC}") = "soru15", "soru15\soru15.csproj", "{CF5E9849-02F6-4F77-B7C4-E525C32F77F1}"
EndProject
Project("{FAE04EC0-301F-11D3-BF4B-00C04F79EFBC}") = "soru16", "soru16\soru16.csproj", "{412580EA-2110-4F91-8DBC-45B7E8DBF623}"
EndProject
Project("{FAE04EC0-301F-11D3-BF4B-00C04F79EFBC}") = "soru17", "soru17\soru17.csproj", "{760528EE-CD6F-41D8-B3AB-7668611CD3DC}"
EndProject
Project("{FAE04EC0-301F-11D3-BF4B-00C04F79EFBC}") = "soru18", "soru18\soru18.csproj", "{BD1BE188-1CB8-4EF3-8638-FFF9FBA05F02}"
EndProject
Global
	GlobalSection(SolutionConfigurationPlatforms) = preSolution
		Debug|Any CPU = Debug|Any CPU
		Release|Any CPU = Release|Any CPU
	EndGlobalSection
	GlobalSection(ProjectConfigurationPlatforms) = postSolution
		{D84A03F8-293B-48C2-A379-0420E93EA5AE}.Debug|Any CPU.ActiveCfg = Debug|Any CPU
		{D84A03F8-293B-48C2-A379-0420E93EA5AE}.Debug|Any CPU.Build.0 = Debug|Any CPU
		{D84A03F8-293B-48C2-A379-0420E93EA5AE}.Release|Any CPU.ActiveCfg = Release|Any CPU
		{D84A03F8-293B-48C2-A379-0420E93EA5AE}.Release|Any CPU.Build.0 = Release|Any CPU
		{42F82BB4-D830-4C8E-8EAF-577CAD22D1A3}.Debug|Any CPU.ActiveCfg = Debug|Any CPU
		{42F82BB4-D830-4C8E-8EAF-577CAD22D1A3}.Debug|Any CPU.Build.0 = Debug|Any CPU
		{42F82BB4-D830-4C8E-8EAF-577CAD22D1A3}.Release|Any CPU.ActiveCfg = Release|Any CPU
		{42F82BB4-D830-4C8E-8EAF-577CAD22D1A3}.Release|Any CPU.Build.0 = Release|Any CPU
		{C8BA84FA-165F-4850-9D8B-25711F1E939A}.Debug|Any CPU.ActiveCfg = Debug|Any CPU
		{C8BA84FA-165F-4850-9D8B-25711F1E939A}.Debug|Any CPU.Build.0 = Debug|Any CPU
		{C8BA84FA-165F-4850-9D8B-25711F1E939A}.Release|Any CPU.ActiveCfg = Release|Any CPU
		{C8BA84FA-165F-4850-9D8B-25711F1E939A}.Release|Any CPU.Build.0 = Release|Any CPU
		{89BF0C5A-D1C8-48FD-B39E-8A592584088E}.Debug|Any CPU.ActiveCfg = Debug|Any CPU
		{89BF0C5A-D1C8-48FD-B39E-8A592584088E}.Debug|Any CPU.Build.0 = Debug|Any CPU
		{89BF0C5A-D1C8-48FD-B39E-8A592584088E}.Release|Any CPU.ActiveCfg = Release|Any CPU
		{89BF0C5A-D1C8-48FD-B39E-8A592584088E}.Release|Any CPU.Build.0 = Release|Any CPU
		{EC2E1C50-3975-42BF-BD8F-83A43A34771D}.Debug|Any CPU.ActiveCfg = Debug|Any CPU
		{EC2E1C50-3975-42BF-BD8F-83A43A34771D}.Debug|Any CPU.Build.0 = Debug|Any CPU
		{EC2E1C50-3975-42BF-BD8F-83A43A34771D}.Release|Any CPU.ActiveCfg = Release|Any CPU
		{EC2E1C50-3975-42BF-BD8F-83A43A34771D}.Release|Any CPU.Build.0 = Release|Any CPU
		{1FB3A332-330F-4B64-8ABD-D4D8C2ACAA3F}.Debug|Any CPU.ActiveCfg = Debug|Any CPU
		{1FB3A332-330F-4B64-8ABD-D4D8C2ACAA3F}.Debug|Any CPU.Build.0 = Debug|Any CPU
		{1FB3A332-330F-4B64-8ABD-D4D8C2ACAA3F}.Release|Any CPU.ActiveCfg = Release|Any CPU
		{1FB3A332-330F-4B64-8ABD-D4D8C2ACAA3F}.Release|Any CPU.Build.0 = Release|Any CPU
		{3B92F23E-A484-4751-8F0E-1A20DADA3E02}.Debug|Any CPU.ActiveCfg = Debug|Any CPU
		{3B92F23E-A484-4751-8F0E-1A20DADA3E02}.Debug|Any CPU.Build.0 = Debug|Any CPU
		{3B92F23E-A484-4751-8F0E-1A20DADA3E02}.Release|Any CPU.ActiveCfg = Release|Any CPU
		{3B92F23E-A484-4751-8F0E-1A20DADA3E02}.Release|Any CPU.Build.0 = Release|Any CPU
		{C37B009D-C65D-45CA-8F1B-9FE6EBCA69F6}.Debug|Any CPU.ActiveCfg = Debug|Any CPU
		{C37B009D-C65D-45CA-8F1B-9FE6EBCA69F6}.Debug|Any CPU.Build.0 = Debug|Any CPU
		{C37B009D-C65D-45CA-8F1B-9FE6EBCA69F6}.Release|Any CPU.ActiveCfg = Release|Any CPU
		{C37B009D-C65D-45CA-8F1B-9FE6EBCA69F6}.Release|Any CPU.Build.0 = Release|Any CPU
		{0F3BC92F-BF08-41DF-9035-EA4B2B5A7DD1}.Debug|Any CPU.ActiveCfg = Debug|Any CPU
		{0F3BC92F-BF08-41DF-9035-EA4B2B5A7DD1}.Debug|Any CPU.Build.0 = Debug|Any CPU
		{0F3BC92F-BF08-41DF-9035-EA4B2B5A7DD1}.Release|Any CPU.ActiveCfg = Release|Any CPU
		{0F3BC92F-BF08-41DF-9035-EA4B2B5A7DD1}.Release|Any CPU.Build.0 = Release|Any CPU
		{5BE15BD7-7D09-4C54-AC93-8AD790693B87}.Debug|Any CPU.ActiveCfg = Debug|Any CPU
		{5BE15BD7-7D09-4C54-AC93-8AD790693B87}.Debug|Any CPU.Build.0 = Debug|Any CPU
		{5BE15BD7-7D09-4C54-AC93-8AD790693B87}.Release|Any CPU.ActiveCfg = Release|Any CPU
		{5BE15BD7-7D09-4C54-AC93-8AD790693B87}.Release|Any CPU.Build.0 = Release|Any CPU
		{A2AC1A4C-DF54-4171-9599-9103019A3D09}.Debug|Any CPU.ActiveCfg = Debug|Any CPU
		{A2AC1A4C-DF54-4171-9599-9103019A3D09}.Debug|Any CPU.Build.0 = Debug|Any CPU
		{A2AC1A4C-DF54-4171-9599-9103019A3D09}.Release|Any CPU.ActiveCfg = Release|Any CPU
		{A2AC1A4C-DF54-4171-9599-9103019A3D09}.Release|Any CPU.Build.0 = Release|Any CPU
		{363F0F9A-D16B-4275-81FF-F90339DA8D98}.Debug|Any CPU.ActiveCfg = Debug|Any CPU
		{363F0F9A-D16B-4275-81FF-F90339DA8D98}.Debug|Any CPU.Build.0 = Debug|Any CPU
		{363F0F9A-D16B-4275-81FF-F90339DA8D98}.Release|Any CPU.ActiveCfg = Release|Any CPU
		{363F0F9A-D16B-4275-81FF-F90339DA8D98}.Release|Any CPU.Build.0 = Release|Any CPU
		{899C9E1A-3D36-4678-B57E-E24E79AC0C56}.Debug|Any CPU.ActiveCfg = Debug|Any CPU
		{899C9E1A-3D36-4678-B57E-E24E79AC0C56}.Debug|Any CPU.Build.0 = Debug|Any CPU
		{899C9E1A-3D36-4678-B57E-E24E79AC0C56}.Release|Any CPU.ActiveCfg = Release|Any CPU
		{899C9E1A-3D36-4678-B57E-E24E79AC0C56}.Release|Any CPU.Build.0 = Release|Any CPU
		{EA5A4BC7-6741-4E5A-98A0-B2AA487407AB}.Debug|Any CPU.ActiveCfg = Debug|Any CPU
		{EA5A4BC7-6741-4E5A-98A0-B2AA487407AB}.Debug|Any CPU.Build.0 = Debug|Any CPU
		{EA5A4BC7-6741-4E5A-98A0-B2AA487407AB}.Release|Any CPU.ActiveCfg = Release|Any CPU
		{EA5A4BC7-6741-4E5A-98A0-B2AA487407AB}.Release|Any CPU.Build.0 = Release|Any CPU
		{CF5E9849-02F6-4F77-B7C4-E525C32F77F1}.Debug|Any CPU.ActiveCfg = Debug|Any CPU
		{CF5E9849-02F6-4F77-B7C4-E525C32F77F1}.Debug|Any CPU.Build.0 = Debug|Any CPU
		{CF5E9849-02F6-4F77-B7C4-E525C32F77F1}.Release|Any CPU.ActiveCfg = Release|Any CPU
		{CF5E9849-02F6-4F77-B7C4-E525C32F77F1}.Release|Any CPU.Build.0 = Release|Any CPU
		{412580EA-2110-4F91-8DBC-45B7E8DBF623}.Debug|Any CPU.ActiveCfg = Debug|Any CPU
		{412580EA-2110-4F91-8DBC-45B7E8DBF623}.Debug|Any CPU.Build.0 = Debug|Any CPU
		{412580EA-2110-4F91-8DBC-45B7E8DBF623}.Release|Any CPU.ActiveCfg = Release|Any CPU
		{412580EA-2110-4F91-8DBC-45B7E8DBF623}.Release|Any CPU.Build.0 = Release|Any CPU
		{760528EE-CD6F-41D8-B3AB-7668611CD3DC}.Debug|Any CPU.ActiveCfg = Debug|Any CPU
		{760528EE-CD6F-41D8-B3AB-7668611CD3DC}.Debug|Any CPU.Build.0 = Debug|Any CPU
		{760528EE-CD6F-41D8-B3AB-7668611CD3DC}.Release|Any CPU.ActiveCfg = Release|Any CPU
		{760528EE-CD6F-41D8-B3AB-7668611CD3DC}.Release|Any CPU.Build.0 = Release|Any CPU
		{BD1BE188-1CB8-4EF3-8638-FFF9FBA05F02}.Debug|Any CPU.ActiveCfg = Debug|Any CPU
		{BD1BE188-1CB8-4EF3-8638-FFF9FBA05F02}.Debug|Any CPU.Build.0 = Debug|Any CPU
		{BD1BE188-1CB8-4EF3-8638-FFF9FBA05F02}.Release|Any CPU.ActiveCfg = Release|Any CPU
		{BD1BE188-1CB8-4EF3-8638-FFF9FBA05F02}.Release|Any CPU.Build.0 = Release|Any CPU
	EndGlobalSection
	GlobalSection(SolutionProperties) = preSolution
		HideSolutionNode = FALSE
	EndGlobalSection
	GlobalSection(ExtensibilityGlobals) = postSolution
		SolutionGuid = {71132621-D8D1-4B3F-B129-529E81C2FEF6}
	EndGlobalSection
EndGlobal
